
Microsoft Visual Studio Solution File, Format Version 12.00
# Visual Studio 15
VisualStudioVersion = 15.0.28307.852
MinimumVisualStudioVersion = 10.0.40219.1
Project("{FAE04EC0-301F-11D3-BF4B-00C04F79EFBC}") = "NestedCollectionView.Android", "NestedCollectionView\NestedCollectionView.Android\NestedCollectionView.Android.csproj", "{0D88333D-CAA7-40CD-BD51-8780ED588A49}"
EndProject
Project("{FAE04EC0-301F-11D3-BF4B-00C04F79EFBC}") = "NestedCollectionView.iOS", "NestedCollectionView\NestedCollectionView.iOS\NestedCollectionView.iOS.csproj", "{948D4FCE-368E-4009-8CD6-F4446C3BF2AE}"
EndProject
Project("{FAE04EC0-301F-11D3-BF4B-00C04F79EFBC}") = "NestedCollectionView", "NestedCollectionView\NestedCollectionView\NestedCollectionView.csproj", "{CCC8E92A-B572-4AF1-937F-9333C2775D52}"
EndProject
Global
	GlobalSection(SolutionConfigurationPlatforms) = preSolution
		Ad-Hoc|Any CPU = Ad-Hoc|Any CPU
		Ad-Hoc|iPhone = Ad-Hoc|iPhone
		Ad-Hoc|iPhoneSimulator = Ad-Hoc|iPhoneSimulator
		AppStore|Any CPU = AppStore|Any CPU
		AppStore|iPhone = AppStore|iPhone
		AppStore|iPhoneSimulator = AppStore|iPhoneSimulator
		Debug|Any CPU = Debug|Any CPU
		Debug|iPhone = Debug|iPhone
		Debug|iPhoneSimulator = Debug|iPhoneSimulator
		Release|Any CPU = Release|Any CPU
		Release|iPhone = Release|iPhone
		Release|iPhoneSimulator = Release|iPhoneSimulator
	EndGlobalSection
	GlobalSection(ProjectConfigurationPlatforms) = postSolution
		{0D88333D-CAA7-40CD-BD51-8780ED588A49}.Ad-Hoc|Any CPU.ActiveCfg = Release|Any CPU
		{0D88333D-CAA7-40CD-BD51-8780ED588A49}.Ad-Hoc|Any CPU.Build.0 = Release|Any CPU
		{0D88333D-CAA7-40CD-BD51-8780ED588A49}.Ad-Hoc|Any CPU.Deploy.0 = Release|Any CPU
		{0D88333D-CAA7-40CD-BD51-8780ED588A49}.Ad-Hoc|iPhone.ActiveCfg = Release|Any CPU
		{0D88333D-CAA7-40CD-BD51-8780ED588A49}.Ad-Hoc|iPhone.Build.0 = Release|Any CPU
		{0D88333D-CAA7-40CD-BD51-8780ED588A49}.Ad-Hoc|iPhone.Deploy.0 = Release|Any CPU
		{0D88333D-CAA7-40CD-BD51-8780ED588A49}.Ad-Hoc|iPhoneSimulator.ActiveCfg = Release|Any CPU
		{0D88333D-CAA7-40CD-BD51-8780ED588A49}.Ad-Hoc|iPhoneSimulator.Build.0 = Release|Any CPU
		{0D88333D-CAA7-40CD-BD51-8780ED588A49}.Ad-Hoc|iPhoneSimulator.Deploy.0 = Release|Any CPU
		{0D88333D-CAA7-40CD-BD51-8780ED588A49}.AppStore|Any CPU.ActiveCfg = Release|Any CPU
		{0D88333D-CAA7-40CD-BD51-8780ED588A49}.AppStore|Any CPU.Build.0 = Release|Any CPU
		{0D88333D-CAA7-40CD-BD51-8780ED588A49}.AppStore|Any CPU.Deploy.0 = Release|Any CPU
		{0D88333D-CAA7-40CD-BD51-8780ED588A49}.AppStore|iPhone.ActiveCfg = Release|Any CPU
		{0D88333D-CAA7-40CD-BD51-8780ED588A49}.AppStore|iPhone.Build.0 = Release|Any CPU
		{0D88333D-CAA7-40CD-BD51-8780ED588A49}.AppStore|iPhone.Deploy.0 = Release|Any CPU
		{0D88333D-CAA7-40CD-BD51-8780ED588A49}.AppStore|iPhoneSimulator.ActiveCfg = Release|Any CPU
		{0D88333D-CAA7-40CD-BD51-8780ED588A49}.AppStore|iPhoneSimulator.Build.0 = Release|Any CPU
		{0D88333D-CAA7-40CD-BD51-8780ED588A49}.AppStore|iPhoneSimulator.Deploy.0 = Release|Any CPU
		{0D88333D-CAA7-40CD-BD51-8780ED588A49}.Debug|Any CPU.ActiveCfg = Debug|Any CPU
		{0D88333D-CAA7-40CD-BD51-8780ED588A49}.Debug|Any CPU.Build.0 = Debug|Any CPU
		{0D88333D-CAA7-40CD-BD51-8780ED588A49}.Debug|Any CPU.Deploy.0 = Debug|Any CPU
		{0D88333D-CAA7-40CD-BD51-8780ED588A49}.Debug|iPhone.ActiveCfg = Debug|Any CPU
		{0D88333D-CAA7-40CD-BD51-8780ED588A49}.Debug|iPhone.Build.0 = Debug|Any CPU
		{0D88333D-CAA7-40CD-BD51-8780ED588A49}.Debug|iPhone.Deploy.0 = Debug|Any CPU
		{0D88333D-CAA7-40CD-BD51-8780ED588A49}.Debug|iPhoneSimulator.ActiveCfg = Debug|Any CPU
		{0D88333D-CAA7-40CD-BD51-8780ED588A49}.Debug|iPhoneSimulator.Build.0 = Debug|Any CPU
		{0D88333D-CAA7-40CD-BD51-8780ED588A49}.Debug|iPhoneSimulator.Deploy.0 = Debug|Any CPU
		{0D88333D-CAA7-40CD-BD51-8780ED588A49}.Release|Any CPU.ActiveCfg = Release|Any CPU
		{0D88333D-CAA7-40CD-BD51-8780ED588A49}.Release|Any CPU.Build.0 = Release|Any CPU
		{0D88333D-CAA7-40CD-BD51-8780ED588A49}.Release|Any CPU.Deploy.0 = Release|Any CPU
		{0D88333D-CAA7-40CD-BD51-8780ED588A49}.Release|iPhone.ActiveCfg = Release|Any CPU
		{0D88333D-CAA7-40CD-BD51-8780ED588A49}.Release|iPhone.Build.0 = Release|Any CPU
		{0D88333D-CAA7-40CD-BD51-8780ED588A49}.Release|iPhone.Deploy.0 = Release|Any CPU
		{0D88333D-CAA7-40CD-BD51-8780ED588A49}.Release|iPhoneSimulator.ActiveCfg = Release|Any CPU
		{0D88333D-CAA7-40CD-BD51-8780ED588A49}.Release|iPhoneSimulator.Build.0 = Release|Any CPU
		{0D88333D-CAA7-40CD-BD51-8780ED588A49}.Release|iPhoneSimulator.Deploy.0 = Release|Any CPU
		{948D4FCE-368E-4009-8CD6-F4446C3BF2AE}.Ad-Hoc|Any CPU.ActiveCfg = Ad-Hoc|iPhone
		{948D4FCE-368E-4009-8CD6-F4446C3BF2AE}.Ad-Hoc|Any CPU.Build.0 = Ad-Hoc|iPhone
		{948D4FCE-368E-4009-8CD6-F4446C3BF2AE}.Ad-Hoc|Any CPU.Deploy.0 = Ad-Hoc|iPhone
		{948D4FCE-368E-4009-8CD6-F4446C3BF2AE}.Ad-Hoc|iPhone.ActiveCfg = Ad-Hoc|iPhone
		{948D4FCE-368E-4009-8CD6-F4446C3BF2AE}.Ad-Hoc|iPhone.Build.0 = Ad-Hoc|iPhone
		{948D4FCE-368E-4009-8CD6-F4446C3BF2AE}.Ad-Hoc|iPhone.Deploy.0 = Ad-Hoc|iPhone
		{948D4FCE-368E-4009-8CD6-F4446C3BF2AE}.Ad-Hoc|iPhoneSimulator.ActiveCfg = Ad-Hoc|iPhoneSimulator
		{948D4FCE-368E-4009-8CD6-F4446C3BF2AE}.Ad-Hoc|iPhoneSimulator.Build.0 = Ad-Hoc|iPhoneSimulator
		{948D4FCE-368E-4009-8CD6-F4446C3BF2AE}.Ad-Hoc|iPhoneSimulator.Deploy.0 = Ad-Hoc|iPhoneSimulator
		{948D4FCE-368E-4009-8CD6-F4446C3BF2AE}.AppStore|Any CPU.ActiveCfg = AppStore|iPhone
		{948D4FCE-368E-4009-8CD6-F4446C3BF2AE}.AppStore|Any CPU.Build.0 = AppStore|iPhone
		{948D4FCE-368E-4009-8CD6-F4446C3BF2AE}.AppStore|Any CPU.Deploy.0 = AppStore|iPhone
		{948D4FCE-368E-4009-8CD6-F4446C3BF2AE}.AppStore|iPhone.ActiveCfg = AppStore|iPhone
		{948D4FCE-368E-4009-8CD6-F4446C3BF2AE}.AppStore|iPhone.Build.0 = AppStore|iPhone
		{948D4FCE-368E-4009-8CD6-F4446C3BF2AE}.AppStore|iPhone.Deploy.0 = AppStore|iPhone
		{948D4FCE-368E-4009-8CD6-F4446C3BF2AE}.AppStore|iPhoneSimulator.ActiveCfg = AppStore|iPhoneSimulator
		{948D4FCE-368E-4009-8CD6-F4446C3BF2AE}.AppStore|iPhoneSimulator.Build.0 = AppStore|iPhoneSimulator
		{948D4FCE-368E-4009-8CD6-F4446C3BF2AE}.AppStore|iPhoneSimulator.Deploy.0 = AppStore|iPhoneSimulator
		{948D4FCE-368E-4009-8CD6-F4446C3BF2AE}.Debug|Any CPU.ActiveCfg = Debug|iPhoneSimulator
		{948D4FCE-368E-4009-8CD6-F4446C3BF2AE}.Debug|Any CPU.Build.0 = Debug|iPhoneSimulator
		{948D4FCE-368E-4009-8CD6-F4446C3BF2AE}.Debug|Any CPU.Deploy.0 = Debug|iPhoneSimulator
		{948D4FCE-368E-4009-8CD6-F4446C3BF2AE}.Debug|iPhone.ActiveCfg = Debug|iPhone
		{948D4FCE-368E-4009-8CD6-F4446C3BF2AE}.Debug|iPhone.Build.0 = Debug|iPhone
		{948D4FCE-368E-4009-8CD6-F4446C3BF2AE}.Debug|iPhone.Deploy.0 = Debug|iPhone
		{948D4FCE-368E-4009-8CD6-F4446C3BF2AE}.Debug|iPhoneSimulator.ActiveCfg = Debug|iPhoneSimulator
		{948D4FCE-368E-4009-8CD6-F4446C3BF2AE}.Debug|iPhoneSimulator.Build.0 = Debug|iPhoneSimulator
		{948D4FCE-368E-4009-8CD6-F4446C3BF2AE}.Debug|iPhoneSimulator.Deploy.0 = Debug|iPhoneSimulator
		{948D4FCE-368E-4009-8CD6-F4446C3BF2AE}.Release|Any CPU.ActiveCfg = Release|iPhone
		{948D4FCE-368E-4009-8CD6-F4446C3BF2AE}.Release|Any CPU.Build.0 = Release|iPhone
		{948D4FCE-368E-4009-8CD6-F4446C3BF2AE}.Release|Any CPU.Deploy.0 = Release|iPhone
		{948D4FCE-368E-4009-8CD6-F4446C3BF2AE}.Release|iPhone.ActiveCfg = Release|iPhone
		{948D4FCE-368E-4009-8CD6-F4446C3BF2AE}.Release|iPhone.Build.0 = Release|iPhone
		{948D4FCE-368E-4009-8CD6-F4446C3BF2AE}.Release|iPhone.Deploy.0 = Release|iPhone
		{948D4FCE-368E-4009-8CD6-F4446C3BF2AE}.Release|iPhoneSimulator.ActiveCfg = Release|iPhoneSimulator
		{948D4FCE-368E-4009-8CD6-F4446C3BF2AE}.Release|iPhoneSimulator.Build.0 = Release|iPhoneSimulator
		{948D4FCE-368E-4009-8CD6-F4446C3BF2AE}.Release|iPhoneSimulator.Deploy.0 = Release|iPhoneSimulator
		{CCC8E92A-B572-4AF1-937F-9333C2775D52}.Ad-Hoc|Any CPU.ActiveCfg = Debug|Any CPU
		{CCC8E92A-B572-4AF1-937F-9333C2775D52}.Ad-Hoc|Any CPU.Build.0 = Debug|Any CPU
		{CCC8E92A-B572-4AF1-937F-9333C2775D52}.Ad-Hoc|Any CPU.Deploy.0 = Debug|Any CPU
		{CCC8E92A-B572-4AF1-937F-9333C2775D52}.Ad-Hoc|iPhone.ActiveCfg = Debug|Any CPU
		{CCC8E92A-B572-4AF1-937F-9333C2775D52}.Ad-Hoc|iPhone.Build.0 = Debug|Any CPU
		{CCC8E92A-B572-4AF1-937F-9333C2775D52}.Ad-Hoc|iPhone.Deploy.0 = Debug|Any CPU
		{CCC8E92A-B572-4AF1-937F-9333C2775D52}.Ad-Hoc|iPhoneSimulator.ActiveCfg = Debug|Any CPU
		{CCC8E92A-B572-4AF1-937F-9333C2775D52}.Ad-Hoc|iPhoneSimulator.Build.0 = Debug|Any CPU
		{CCC8E92A-B572-4AF1-937F-9333C2775D52}.Ad-Hoc|iPhoneSimulator.Deploy.0 = Debug|Any CPU
		{CCC8E92A-B572-4AF1-937F-9333C2775D52}.AppStore|Any CPU.ActiveCfg = Debug|Any CPU
		{CCC8E92A-B572-4AF1-937F-9333C2775D52}.AppStore|Any CPU.Build.0 = Debug|Any CPU
		{CCC8E92A-B572-4AF1-937F-9333C2775D52}.AppStore|Any CPU.Deploy.0 = Debug|Any CPU
		{CCC8E92A-B572-4AF1-937F-9333C2775D52}.AppStore|iPhone.ActiveCfg = Debug|Any CPU
		{CCC8E92A-B572-4AF1-937F-9333C2775D52}.AppStore|iPhone.Build.0 = Debug|Any CPU
		{CCC8E92A-B572-4AF1-937F-9333C2775D52}.AppStore|iPhone.Deploy.0 = Debug|Any CPU
		{CCC8E92A-B572-4AF1-937F-9333C2775D52}.AppStore|iPhoneSimulator.ActiveCfg = Debug|Any CPU
		{CCC8E92A-B572-4AF1-937F-9333C2775D52}.AppStore|iPhoneSimulator.Build.0 = Debug|Any CPU
		{CCC8E92A-B572-4AF1-937F-9333C2775D52}.AppStore|iPhoneSimulator.Deploy.0 = Debug|Any CPU
		{CCC8E92A-B572-4AF1-937F-9333C2775D52}.Debug|Any CPU.ActiveCfg = Debug|Any CPU
		{CCC8E92A-B572-4AF1-937F-9333C2775D52}.Debug|Any CPU.Build.0 = Debug|Any CPU
		{CCC8E92A-B572-4AF1-937F-9333C2775D52}.Debug|Any CPU.Deploy.0 = Debug|Any CPU
		{CCC8E92A-B572-4AF1-937F-9333C2775D52}.Debug|iPhone.ActiveCfg = Debug|Any CPU
		{CCC8E92A-B572-4AF1-937F-9333C2775D52}.Debug|iPhone.Build.0 = Debug|Any CPU
		{CCC8E92A-B572-4AF1-937F-9333C2775D52}.Debug|iPhone.Deploy.0 = Debug|Any CPU
		{CCC8E92A-B572-4AF1-937F-9333C2775D52}.Debug|iPhoneSimulator.ActiveCfg = Debug|Any CPU
		{CCC8E92A-B572-4AF1-937F-9333C2775D52}.Debug|iPhoneSimulator.Build.0 = Debug|Any CPU
		{CCC8E92A-B572-4AF1-937F-9333C2775D52}.Debug|iPhoneSimulator.Deploy.0 = Debug|Any CPU
		{CCC8E92A-B572-4AF1-937F-9333C2775D52}.Release|Any CPU.ActiveCfg = Release|Any CPU
		{CCC8E92A-B572-4AF1-937F-9333C2775D52}.Release|Any CPU.Build.0 = Release|Any CPU
		{CCC8E92A-B572-4AF1-937F-9333C2775D52}.Release|Any CPU.Deploy.0 = Release|Any CPU
		{CCC8E92A-B572-4AF1-937F-9333C2775D52}.Release|iPhone.ActiveCfg = Release|Any CPU
		{CCC8E92A-B572-4AF1-937F-9333C2775D52}.Release|iPhone.Build.0 = Release|Any CPU
		{CCC8E92A-B572-4AF1-937F-9333C2775D52}.Release|iPhone.Deploy.0 = Release|Any CPU
		{CCC8E92A-B572-4AF1-937F-9333C2775D52}.Release|iPhoneSimulator.ActiveCfg = Release|Any CPU
		{CCC8E92A-B572-4AF1-937F-9333C2775D52}.Release|iPhoneSimulator.Build.0 = Release|Any CPU
		{CCC8E92A-B572-4AF1-937F-9333C2775D52}.Release|iPhoneSimulator.Deploy.0 = Release|Any CPU
	EndGlobalSection
	GlobalSection(SolutionProperties) = preSolution
		HideSolutionNode = FALSE
	EndGlobalSection
	GlobalSection(ExtensibilityGlobals) = postSolution
		SolutionGuid = {277FBEAA-6241-4AEC-A5F0-6D13C12429FF}
	EndGlobalSection
EndGlobal
